
Microsoft Visual Studio Solution File, Format Version 11.00
# Visual Studio 2010
Project("{FAE04EC0-301F-11D3-BF4B-00C04F79EFBC}") = "doCS.Web", "src\app\doCS.Web\doCS.Web.csproj", "{F9B0B86E-F4C9-47C6-802D-D3EEF65FA8C2}"
EndProject
Project("{FAE04EC0-301F-11D3-BF4B-00C04F79EFBC}") = "doCS.Migrations", "src\migrate\doCS.Migration\doCS.Migrations.csproj", "{5440E1F3-760C-47A0-994F-97113E968F84}"
EndProject
Project("{FAE04EC0-301F-11D3-BF4B-00C04F79EFBC}") = "doCS.Models", "src\app\doCS.Models\doCS.Models.csproj", "{77A44CA1-4EB1-4DD7-8FA6-2B69C21AFD94}"
EndProject
Project("{2150E333-8FDC-42A3-9474-1A3956D46DE8}") = "Solution Items", "Solution Items", "{6382157B-3464-45FA-AE41-994A4AFCD9DC}"
	ProjectSection(SolutionItems) = preProject
		doCS.vsmdi = doCS.vsmdi
		Local.testsettings = Local.testsettings
		project.build = project.build
		ProjectOutline.txt = ProjectOutline.txt
		ProjectPlan.txt = ProjectPlan.txt
		RunningInstructions.txt = RunningInstructions.txt
	EndProjectSection
EndProject
Project("{FAE04EC0-301F-11D3-BF4B-00C04F79EFBC}") = "doCS.Extractor", "src\app\docs.Extractor\doCS.Extractor.csproj", "{A136881A-75B8-4FEF-BDDF-F3FFD405D1D8}"
EndProject
Project("{FAE04EC0-301F-11D3-BF4B-00C04F79EFBC}") = "doCS.Console", "src\app\doCS.Console\doCS.Console.csproj", "{62B4A0EE-2D30-4AA3-BC9E-15F0CF760AB3}"
EndProject
Project("{FAE04EC0-301F-11D3-BF4B-00C04F79EFBC}") = "doCS.Extractor.Test", "src\test\doCS.Extractor.Test\doCS.Extractor.Test.csproj", "{FA5D213D-DCF2-419A-A581-CCE768716234}"
EndProject
Project("{FAE04EC0-301F-11D3-BF4B-00C04F79EFBC}") = "doCS.TestLibrary", "src\test\doCS.TestLibrary\doCS.TestLibrary.csproj", "{36AB3E00-0186-4598-BBC4-81A89391D1BB}"
EndProject
Global
	GlobalSection(TestCaseManagementSettings) = postSolution
		CategoryFile = doCS.vsmdi
	EndGlobalSection
	GlobalSection(SolutionConfigurationPlatforms) = preSolution
		Debug|Any CPU = Debug|Any CPU
		Debug|Mixed Platforms = Debug|Mixed Platforms
		Debug|x86 = Debug|x86
		Release|Any CPU = Release|Any CPU
		Release|Mixed Platforms = Release|Mixed Platforms
		Release|x86 = Release|x86
	EndGlobalSection
	GlobalSection(ProjectConfigurationPlatforms) = postSolution
		{F9B0B86E-F4C9-47C6-802D-D3EEF65FA8C2}.Debug|Any CPU.ActiveCfg = Debug|Any CPU
		{F9B0B86E-F4C9-47C6-802D-D3EEF65FA8C2}.Debug|Any CPU.Build.0 = Debug|Any CPU
		{F9B0B86E-F4C9-47C6-802D-D3EEF65FA8C2}.Debug|Mixed Platforms.ActiveCfg = Debug|Any CPU
		{F9B0B86E-F4C9-47C6-802D-D3EEF65FA8C2}.Debug|Mixed Platforms.Build.0 = Debug|Any CPU
		{F9B0B86E-F4C9-47C6-802D-D3EEF65FA8C2}.Debug|x86.ActiveCfg = Debug|Any CPU
		{F9B0B86E-F4C9-47C6-802D-D3EEF65FA8C2}.Release|Any CPU.ActiveCfg = Release|Any CPU
		{F9B0B86E-F4C9-47C6-802D-D3EEF65FA8C2}.Release|Any CPU.Build.0 = Release|Any CPU
		{F9B0B86E-F4C9-47C6-802D-D3EEF65FA8C2}.Release|Mixed Platforms.ActiveCfg = Release|Any CPU
		{F9B0B86E-F4C9-47C6-802D-D3EEF65FA8C2}.Release|Mixed Platforms.Build.0 = Release|Any CPU
		{F9B0B86E-F4C9-47C6-802D-D3EEF65FA8C2}.Release|x86.ActiveCfg = Release|Any CPU
		{5440E1F3-760C-47A0-994F-97113E968F84}.Debug|Any CPU.ActiveCfg = Debug|Any CPU
		{5440E1F3-760C-47A0-994F-97113E968F84}.Debug|Any CPU.Build.0 = Debug|Any CPU
		{5440E1F3-760C-47A0-994F-97113E968F84}.Debug|Mixed Platforms.ActiveCfg = Debug|Any CPU
		{5440E1F3-760C-47A0-994F-97113E968F84}.Debug|Mixed Platforms.Build.0 = Debug|Any CPU
		{5440E1F3-760C-47A0-994F-97113E968F84}.Debug|x86.ActiveCfg = Debug|Any CPU
		{5440E1F3-760C-47A0-994F-97113E968F84}.Release|Any CPU.ActiveCfg = Release|Any CPU
		{5440E1F3-760C-47A0-994F-97113E968F84}.Release|Any CPU.Build.0 = Release|Any CPU
		{5440E1F3-760C-47A0-994F-97113E968F84}.Release|Mixed Platforms.ActiveCfg = Release|Any CPU
		{5440E1F3-760C-47A0-994F-97113E968F84}.Release|Mixed Platforms.Build.0 = Release|Any CPU
		{5440E1F3-760C-47A0-994F-97113E968F84}.Release|x86.ActiveCfg = Release|Any CPU
		{77A44CA1-4EB1-4DD7-8FA6-2B69C21AFD94}.Debug|Any CPU.ActiveCfg = Debug|Any CPU
		{77A44CA1-4EB1-4DD7-8FA6-2B69C21AFD94}.Debug|Any CPU.Build.0 = Debug|Any CPU
		{77A44CA1-4EB1-4DD7-8FA6-2B69C21AFD94}.Debug|Mixed Platforms.ActiveCfg = Debug|Any CPU
		{77A44CA1-4EB1-4DD7-8FA6-2B69C21AFD94}.Debug|Mixed Platforms.Build.0 = Debug|Any CPU
		{77A44CA1-4EB1-4DD7-8FA6-2B69C21AFD94}.Debug|x86.ActiveCfg = Debug|Any CPU
		{77A44CA1-4EB1-4DD7-8FA6-2B69C21AFD94}.Release|Any CPU.ActiveCfg = Release|Any CPU
		{77A44CA1-4EB1-4DD7-8FA6-2B69C21AFD94}.Release|Any CPU.Build.0 = Release|Any CPU
		{77A44CA1-4EB1-4DD7-8FA6-2B69C21AFD94}.Release|Mixed Platforms.ActiveCfg = Release|Any CPU
		{77A44CA1-4EB1-4DD7-8FA6-2B69C21AFD94}.Release|Mixed Platforms.Build.0 = Release|Any CPU
		{77A44CA1-4EB1-4DD7-8FA6-2B69C21AFD94}.Release|x86.ActiveCfg = Release|Any CPU
		{A136881A-75B8-4FEF-BDDF-F3FFD405D1D8}.Debug|Any CPU.ActiveCfg = Debug|Any CPU
		{A136881A-75B8-4FEF-BDDF-F3FFD405D1D8}.Debug|Any CPU.Build.0 = Debug|Any CPU
		{A136881A-75B8-4FEF-BDDF-F3FFD405D1D8}.Debug|Mixed Platforms.ActiveCfg = Debug|Any CPU
		{A136881A-75B8-4FEF-BDDF-F3FFD405D1D8}.Debug|Mixed Platforms.Build.0 = Debug|Any CPU
		{A136881A-75B8-4FEF-BDDF-F3FFD405D1D8}.Debug|x86.ActiveCfg = Debug|Any CPU
		{A136881A-75B8-4FEF-BDDF-F3FFD405D1D8}.Release|Any CPU.ActiveCfg = Release|Any CPU
		{A136881A-75B8-4FEF-BDDF-F3FFD405D1D8}.Release|Any CPU.Build.0 = Release|Any CPU
		{A136881A-75B8-4FEF-BDDF-F3FFD405D1D8}.Release|Mixed Platforms.ActiveCfg = Release|Any CPU
		{A136881A-75B8-4FEF-BDDF-F3FFD405D1D8}.Release|Mixed Platforms.Build.0 = Release|Any CPU
		{A136881A-75B8-4FEF-BDDF-F3FFD405D1D8}.Release|x86.ActiveCfg = Release|Any CPU
		{62B4A0EE-2D30-4AA3-BC9E-15F0CF760AB3}.Debug|Any CPU.ActiveCfg = Debug|x86
		{62B4A0EE-2D30-4AA3-BC9E-15F0CF760AB3}.Debug|Mixed Platforms.ActiveCfg = Debug|x86
		{62B4A0EE-2D30-4AA3-BC9E-15F0CF760AB3}.Debug|Mixed Platforms.Build.0 = Debug|x86
		{62B4A0EE-2D30-4AA3-BC9E-15F0CF760AB3}.Debug|x86.ActiveCfg = Debug|x86
		{62B4A0EE-2D30-4AA3-BC9E-15F0CF760AB3}.Debug|x86.Build.0 = Debug|x86
		{62B4A0EE-2D30-4AA3-BC9E-15F0CF760AB3}.Release|Any CPU.ActiveCfg = Release|x86
		{62B4A0EE-2D30-4AA3-BC9E-15F0CF760AB3}.Release|Mixed Platforms.ActiveCfg = Release|x86
		{62B4A0EE-2D30-4AA3-BC9E-15F0CF760AB3}.Release|Mixed Platforms.Build.0 = Release|x86
		{62B4A0EE-2D30-4AA3-BC9E-15F0CF760AB3}.Release|x86.ActiveCfg = Release|x86
		{62B4A0EE-2D30-4AA3-BC9E-15F0CF760AB3}.Release|x86.Build.0 = Release|x86
		{FA5D213D-DCF2-419A-A581-CCE768716234}.Debug|Any CPU.ActiveCfg = Debug|Any CPU
		{FA5D213D-DCF2-419A-A581-CCE768716234}.Debug|Any CPU.Build.0 = Debug|Any CPU
		{FA5D213D-DCF2-419A-A581-CCE768716234}.Debug|Mixed Platforms.ActiveCfg = Debug|Any CPU
		{FA5D213D-DCF2-419A-A581-CCE768716234}.Debug|Mixed Platforms.Build.0 = Debug|Any CPU
		{FA5D213D-DCF2-419A-A581-CCE768716234}.Debug|x86.ActiveCfg = Debug|Any CPU
		{FA5D213D-DCF2-419A-A581-CCE768716234}.Release|Any CPU.ActiveCfg = Release|Any CPU
		{FA5D213D-DCF2-419A-A581-CCE768716234}.Release|Any CPU.Build.0 = Release|Any CPU
		{FA5D213D-DCF2-419A-A581-CCE768716234}.Release|Mixed Platforms.ActiveCfg = Release|Any CPU
		{FA5D213D-DCF2-419A-A581-CCE768716234}.Release|Mixed Platforms.Build.0 = Release|Any CPU
		{FA5D213D-DCF2-419A-A581-CCE768716234}.Release|x86.ActiveCfg = Release|Any CPU
		{36AB3E00-0186-4598-BBC4-81A89391D1BB}.Debug|Any CPU.ActiveCfg = Debug|Any CPU
		{36AB3E00-0186-4598-BBC4-81A89391D1BB}.Debug|Any CPU.Build.0 = Debug|Any CPU
		{36AB3E00-0186-4598-BBC4-81A89391D1BB}.Debug|Mixed Platforms.ActiveCfg = Debug|Any CPU
		{36AB3E00-0186-4598-BBC4-81A89391D1BB}.Debug|Mixed Platforms.Build.0 = Debug|Any CPU
		{36AB3E00-0186-4598-BBC4-81A89391D1BB}.Debug|x86.ActiveCfg = Debug|Any CPU
		{36AB3E00-0186-4598-BBC4-81A89391D1BB}.Release|Any CPU.ActiveCfg = Release|Any CPU
		{36AB3E00-0186-4598-BBC4-81A89391D1BB}.Release|Any CPU.Build.0 = Release|Any CPU
		{36AB3E00-0186-4598-BBC4-81A89391D1BB}.Release|Mixed Platforms.ActiveCfg = Release|Any CPU
		{36AB3E00-0186-4598-BBC4-81A89391D1BB}.Release|Mixed Platforms.Build.0 = Release|Any CPU
		{36AB3E00-0186-4598-BBC4-81A89391D1BB}.Release|x86.ActiveCfg = Release|Any CPU
	EndGlobalSection
	GlobalSection(SolutionProperties) = preSolution
		HideSolutionNode = FALSE
	EndGlobalSection
EndGlobal
